// !$*UTF8*$!
{
	archiveVersion = 1;
	classes = {
	};
	objectVersion = 77;
	objects = {

/* Begin PBXBuildFile section */
		EF4E4A2F2E22785500F1C677 /* PokerTiles.xcconfig in Resources */ = {isa = PBXBuildFile; fileRef = EF4E4A2E2E22785500F1C677 /* PokerTiles.xcconfig */; };
		EF4E4A392E22787000F1C677 /* PokerTilesApp.swift in Sources */ = {isa = PBXBuildFile; fileRef = EF4E4A372E22787000F1C677 /* PokerTilesApp.swift */; };
		EF4E4A3B2E22787000F1C677 /* ContentView.swift in Sources */ = {isa = PBXBuildFile; fileRef = EF4E4A352E22787000F1C677 /* ContentView.swift */; };
		EF4E4A3C2E22787000F1C677 /* WindowManager.swift in Sources */ = {isa = PBXBuildFile; fileRef = EF4E4A302E22787000F1C677 /* WindowManager.swift */; };
		EF4E4A3D2E22787000F1C677 /* Assets.xcassets in Resources */ = {isa = PBXBuildFile; fileRef = EF4E4A342E22787000F1C677 /* Assets.xcassets */; };
		EF4E4A3E2E22787000F1C677 /* Info.plist in Resources */ = {isa = PBXBuildFile; fileRef = EF4E4A362E22787000F1C677 /* Info.plist */; };
		EF96C0C12E2380ED002C106F /* PokerTiles.xctestplan in Resources */ = {isa = PBXBuildFile; fileRef = EF96C0C02E2380ED002C106F /* PokerTiles.xctestplan */; };
		EF96C0C22E2380ED002C106F /* PokerTiles.xctestplan in Resources */ = {isa = PBXBuildFile; fileRef = EF96C0C02E2380ED002C106F /* PokerTiles.xctestplan */; };
		EF96C0C32E2380ED002C106F /* PokerTiles.xctestplan in Resources */ = {isa = PBXBuildFile; fileRef = EF96C0C02E2380ED002C106F /* PokerTiles.xctestplan */; };
		EF96C0C52E238130002C106F /* run-tests.sh in Resources */ = {isa = PBXBuildFile; fileRef = EF96C0C42E238130002C106F /* run-tests.sh */; };
		EF96C0C62E238130002C106F /* run-tests.sh in Resources */ = {isa = PBXBuildFile; fileRef = EF96C0C42E238130002C106F /* run-tests.sh */; };
		EF96C0C72E238130002C106F /* run-tests.sh in Resources */ = {isa = PBXBuildFile; fileRef = EF96C0C42E238130002C106F /* run-tests.sh */; };
		EFA718892E261F200020B2D7 /* PokerTableDetector.swift in Sources */ = {isa = PBXBuildFile; fileRef = EFA718882E261F200020B2D7 /* PokerTableDetector.swift */; };
		EFA7188E2E2620640020B2D7 /* ThumbnailCaptureOutput.swift in Sources */ = {isa = PBXBuildFile; fileRef = EFA7188D2E2620640020B2D7 /* ThumbnailCaptureOutput.swift */; };
/* End PBXBuildFile section */

/* Begin PBXContainerItemProxy section */
		EF96C0A02E238031002C106F /* PBXContainerItemProxy */ = {
			isa = PBXContainerItemProxy;
			containerPortal = FCB7DDD62E166FB300ECE580 /* Project object */;
			proxyType = 1;
			remoteGlobalIDString = FCB7DDDD2E166FB300ECE580;
			remoteInfo = PokerTiles;
		};
		EF96C0BA2E238052002C106F /* PBXContainerItemProxy */ = {
			isa = PBXContainerItemProxy;
			containerPortal = FCB7DDD62E166FB300ECE580 /* Project object */;
			proxyType = 1;
			remoteGlobalIDString = FCB7DDDD2E166FB300ECE580;
			remoteInfo = PokerTiles;
		};
/* End PBXContainerItemProxy section */

/* Begin PBXFileReference section */
		EF4E4A2E2E22785500F1C677 /* PokerTiles.xcconfig */ = {isa = PBXFileReference; lastKnownFileType = text.xcconfig; path = PokerTiles.xcconfig; sourceTree = "<group>"; };
		EF4E4A302E22787000F1C677 /* WindowManager.swift */ = {isa = PBXFileReference; lastKnownFileType = sourcecode.swift; path = WindowManager.swift; sourceTree = "<group>"; };
		EF4E4A342E22787000F1C677 /* Assets.xcassets */ = {isa = PBXFileReference; lastKnownFileType = folder.assetcatalog; path = Assets.xcassets; sourceTree = "<group>"; };
		EF4E4A352E22787000F1C677 /* ContentView.swift */ = {isa = PBXFileReference; lastKnownFileType = sourcecode.swift; path = ContentView.swift; sourceTree = "<group>"; };
		EF4E4A362E22787000F1C677 /* Info.plist */ = {isa = PBXFileReference; lastKnownFileType = text.plist.xml; path = Info.plist; sourceTree = "<group>"; };
		EF4E4A372E22787000F1C677 /* PokerTilesApp.swift */ = {isa = PBXFileReference; lastKnownFileType = sourcecode.swift; path = PokerTilesApp.swift; sourceTree = "<group>"; };
		EF96C0972E229491002C106F /* PokerTiles.app */ = {isa = PBXFileReference; explicitFileType = wrapper.application; includeInIndex = 0; path = PokerTiles.app; sourceTree = BUILT_PRODUCTS_DIR; };
		EF96C09C2E238030002C106F /* PokerTilesTests.xctest */ = {isa = PBXFileReference; explicitFileType = wrapper.cfbundle; includeInIndex = 0; path = PokerTilesTests.xctest; sourceTree = BUILT_PRODUCTS_DIR; };
		EF96C0B42E238052002C106F /* PokerTilesUITests.xctest */ = {isa = PBXFileReference; explicitFileType = wrapper.cfbundle; includeInIndex = 0; path = PokerTilesUITests.xctest; sourceTree = BUILT_PRODUCTS_DIR; };
		EF96C0C02E2380ED002C106F /* PokerTiles.xctestplan */ = {isa = PBXFileReference; lastKnownFileType = text; path = PokerTiles.xctestplan; sourceTree = "<group>"; };
		EF96C0C42E238130002C106F /* run-tests.sh */ = {isa = PBXFileReference; lastKnownFileType = text.script.sh; path = "run-tests.sh"; sourceTree = "<group>"; };
		EFA718882E261F200020B2D7 /* PokerTableDetector.swift */ = {isa = PBXFileReference; lastKnownFileType = sourcecode.swift; path = PokerTableDetector.swift; sourceTree = "<group>"; };
		EFA7188D2E2620640020B2D7 /* ThumbnailCaptureOutput.swift */ = {isa = PBXFileReference; lastKnownFileType = sourcecode.swift; path = ThumbnailCaptureOutput.swift; sourceTree = "<group>"; };
		EFA718932E2623590020B2D7 /* PokerTiles.entitlements */ = {isa = PBXFileReference; lastKnownFileType = text.plist.entitlements; path = PokerTiles.entitlements; sourceTree = "<group>"; };
/* End PBXFileReference section */

/* Begin PBXFileSystemSynchronizedRootGroup section */
		EF96C09D2E238031002C106F /* PokerTilesTests */ = {
			isa = PBXFileSystemSynchronizedRootGroup;
			path = PokerTilesTests;
			sourceTree = "<group>";
		};
		EF96C0B52E238052002C106F /* PokerTilesUITests */ = {
			isa = PBXFileSystemSynchronizedRootGroup;
			path = PokerTilesUITests;
			sourceTree = "<group>";
		};
		EFA7187E2E256CD90020B2D7 /* Models */ = {
			isa = PBXFileSystemSynchronizedRootGroup;
			path = Models;
			sourceTree = "<group>";
		};
		EFA7188A2E261F4B0020B2D7 /* Services */ = {
			isa = PBXFileSystemSynchronizedRootGroup;
			path = Services;
			sourceTree = "<group>";
		};
/* End PBXFileSystemSynchronizedRootGroup section */

/* Begin PBXFrameworksBuildPhase section */
		EF96C0992E238030002C106F /* Frameworks */ = {
			isa = PBXFrameworksBuildPhase;
			buildActionMask = 2147483647;
			files = (
			);
			runOnlyForDeploymentPostprocessing = 0;
		};
		EF96C0B12E238052002C106F /* Frameworks */ = {
			isa = PBXFrameworksBuildPhase;
			buildActionMask = 2147483647;
			files = (
			);
			runOnlyForDeploymentPostprocessing = 0;
		};
		FCB7DDDB2E166FB300ECE580 /* Frameworks */ = {
			isa = PBXFrameworksBuildPhase;
			buildActionMask = 2147483647;
			files = (
			);
			runOnlyForDeploymentPostprocessing = 0;
		};
/* End PBXFrameworksBuildPhase section */

/* Begin PBXGroup section */
		EF4E4A322E22787000F1C677 /* WindowManager */ = {
			isa = PBXGroup;
			children = (
				EF4E4A302E22787000F1C677 /* WindowManager.swift */,
			);
			path = WindowManager;
			sourceTree = "<group>";
		};
		EF4E4A332E22787000F1C677 /* Core */ = {
			isa = PBXGroup;
			children = (
				EFA7188D2E2620640020B2D7 /* ThumbnailCaptureOutput.swift */,
				EFA7188A2E261F4B0020B2D7 /* Services */,
				EFA718882E261F200020B2D7 /* PokerTableDetector.swift */,
				EF4E4A322E22787000F1C677 /* WindowManager */,
			);
			path = Core;
			sourceTree = "<group>";
		};
		EF4E4A382E22787000F1C677 /* PokerTiles */ = {
			isa = PBXGroup;
			children = (
				EFA718932E2623590020B2D7 /* PokerTiles.entitlements */,
				EFA7187E2E256CD90020B2D7 /* Models */,
				EF4E4A332E22787000F1C677 /* Core */,
				EF4E4A342E22787000F1C677 /* Assets.xcassets */,
				EF4E4A352E22787000F1C677 /* ContentView.swift */,
				EF4E4A362E22787000F1C677 /* Info.plist */,
				EF4E4A372E22787000F1C677 /* PokerTilesApp.swift */,
			);
			path = PokerTiles;
			sourceTree = "<group>";
		};
		FCB7DDD52E166FB300ECE580 = {
			isa = PBXGroup;
			children = (
				EF96C0C42E238130002C106F /* run-tests.sh */,
				EF96C0C02E2380ED002C106F /* PokerTiles.xctestplan */,
				EF4E4A2E2E22785500F1C677 /* PokerTiles.xcconfig */,
				EF4E4A382E22787000F1C677 /* PokerTiles */,
				EF96C0972E229491002C106F /* PokerTiles.app */,
				EF96C09C2E238030002C106F /* PokerTilesTests.xctest */,
				EF96C09D2E238031002C106F /* PokerTilesTests */,
				EF96C0B42E238052002C106F /* PokerTilesUITests.xctest */,
				EF96C0B52E238052002C106F /* PokerTilesUITests */,
			);
			sourceTree = "<group>";
		};
/* End PBXGroup section */

/* Begin PBXNativeTarget section */
		EF96C09B2E238030002C106F /* PokerTilesTests */ = {
			isa = PBXNativeTarget;
			buildConfigurationList = EF96C0A42E238031002C106F /* Build configuration list for PBXNativeTarget "PokerTilesTests" */;
			buildPhases = (
				EF96C0982E238030002C106F /* Sources */,
				EF96C0992E238030002C106F /* Frameworks */,
				EF96C09A2E238030002C106F /* Resources */,
			);
			buildRules = (
			);
			dependencies = (
				EF96C0A12E238031002C106F /* PBXTargetDependency */,
			);
			fileSystemSynchronizedGroups = (
				EF96C09D2E238031002C106F /* PokerTilesTests */,
			);
			name = PokerTilesTests;
			packageProductDependencies = (
			);
			productName = PokerTilesTests;
			productReference = EF96C09C2E238030002C106F /* PokerTilesTests.xctest */;
			productType = "com.apple.product-type.bundle.unit-test";
		};
		EF96C0B32E238052002C106F /* PokerTilesUITests */ = {
			isa = PBXNativeTarget;
			buildConfigurationList = EF96C0BC2E238052002C106F /* Build configuration list for PBXNativeTarget "PokerTilesUITests" */;
			buildPhases = (
				EF96C0B02E238052002C106F /* Sources */,
				EF96C0B12E238052002C106F /* Frameworks */,
				EF96C0B22E238052002C106F /* Resources */,
			);
			buildRules = (
			);
			dependencies = (
				EF96C0BB2E238052002C106F /* PBXTargetDependency */,
			);
			fileSystemSynchronizedGroups = (
				EF96C0B52E238052002C106F /* PokerTilesUITests */,
			);
			name = PokerTilesUITests;
			packageProductDependencies = (
			);
			productName = PokerTilesUITests;
			productReference = EF96C0B42E238052002C106F /* PokerTilesUITests.xctest */;
			productType = "com.apple.product-type.bundle.ui-testing";
		};
		FCB7DDDD2E166FB300ECE580 /* PokerTiles */ = {
			isa = PBXNativeTarget;
			buildConfigurationList = FCB7DDE92E166FB400ECE580 /* Build configuration list for PBXNativeTarget "PokerTiles" */;
			buildPhases = (
				FCB7DDDA2E166FB300ECE580 /* Sources */,
				FCB7DDDB2E166FB300ECE580 /* Frameworks */,
				FCB7DDDC2E166FB300ECE580 /* Resources */,
			);
			buildRules = (
			);
			dependencies = (
			);
			fileSystemSynchronizedGroups = (
				EFA7187E2E256CD90020B2D7 /* Models */,
				EFA7188A2E261F4B0020B2D7 /* Services */,
			);
			name = PokerTiles;
			packageProductDependencies = (
			);
			productName = PockerTile;
			productReference = EF96C0972E229491002C106F /* PokerTiles.app */;
			productType = "com.apple.product-type.application";
		};
/* End PBXNativeTarget section */

/* Begin PBXProject section */
		FCB7DDD62E166FB300ECE580 /* Project object */ = {
			isa = PBXProject;
			attributes = {
				BuildIndependentTargetsInParallel = 1;
				LastSwiftUpdateCheck = 1640;
				LastUpgradeCheck = 2600;
				TargetAttributes = {
					EF96C09B2E238030002C106F = {
						CreatedOnToolsVersion = 16.4;
						TestTargetID = FCB7DDDD2E166FB300ECE580;
					};
					EF96C0B32E238052002C106F = {
						CreatedOnToolsVersion = 16.4;
						TestTargetID = FCB7DDDD2E166FB300ECE580;
					};
					FCB7DDDD2E166FB300ECE580 = {
						CreatedOnToolsVersion = 26.0;
					};
				};
			};
			buildConfigurationList = FCB7DDD92E166FB300ECE580 /* Build configuration list for PBXProject "PokerTiles" */;
			developmentRegion = en;
			hasScannedForEncodings = 0;
			knownRegions = (
				en,
				Base,
			);
			mainGroup = FCB7DDD52E166FB300ECE580;
			minimizedProjectReferenceProxies = 1;
			preferredProjectObjectVersion = 77;
			productRefGroup = FCB7DDD52E166FB300ECE580;
			projectDirPath = "";
			projectRoot = "";
			targets = (
				FCB7DDDD2E166FB300ECE580 /* PokerTiles */,
				EF96C09B2E238030002C106F /* PokerTilesTests */,
				EF96C0B32E238052002C106F /* PokerTilesUITests */,
			);
		};
/* End PBXProject section */

/* Begin PBXResourcesBuildPhase section */
		EF96C09A2E238030002C106F /* Resources */ = {
			isa = PBXResourcesBuildPhase;
			buildActionMask = 2147483647;
			files = (
				EF96C0C12E2380ED002C106F /* PokerTiles.xctestplan in Resources */,
				EF96C0C62E238130002C106F /* run-tests.sh in Resources */,
			);
			runOnlyForDeploymentPostprocessing = 0;
		};
		EF96C0B22E238052002C106F /* Resources */ = {
			isa = PBXResourcesBuildPhase;
			buildActionMask = 2147483647;
			files = (
				EF96C0C52E238130002C106F /* run-tests.sh in Resources */,
				EF96C0C22E2380ED002C106F /* PokerTiles.xctestplan in Resources */,
			);
			runOnlyForDeploymentPostprocessing = 0;
		};
		FCB7DDDC2E166FB300ECE580 /* Resources */ = {
			isa = PBXResourcesBuildPhase;
			buildActionMask = 2147483647;
			files = (
				EF4E4A3D2E22787000F1C677 /* Assets.xcassets in Resources */,
				EF4E4A3E2E22787000F1C677 /* Info.plist in Resources */,
				EF96C0C72E238130002C106F /* run-tests.sh in Resources */,
				EF4E4A2F2E22785500F1C677 /* PokerTiles.xcconfig in Resources */,
				EF96C0C32E2380ED002C106F /* PokerTiles.xctestplan in Resources */,
			);
			runOnlyForDeploymentPostprocessing = 0;
		};
/* End PBXResourcesBuildPhase section */

/* Begin PBXSourcesBuildPhase section */
		EF96C0982E238030002C106F /* Sources */ = {
			isa = PBXSourcesBuildPhase;
			buildActionMask = 2147483647;
			files = (
			);
			runOnlyForDeploymentPostprocessing = 0;
		};
		EF96C0B02E238052002C106F /* Sources */ = {
			isa = PBXSourcesBuildPhase;
			buildActionMask = 2147483647;
			files = (
			);
			runOnlyForDeploymentPostprocessing = 0;
		};
		FCB7DDDA2E166FB300ECE580 /* Sources */ = {
			isa = PBXSourcesBuildPhase;
			buildActionMask = 2147483647;
			files = (
				EF4E4A392E22787000F1C677 /* PokerTilesApp.swift in Sources */,
				EFA718892E261F200020B2D7 /* PokerTableDetector.swift in Sources */,
				EF4E4A3B2E22787000F1C677 /* ContentView.swift in Sources */,
				EFA7188E2E2620640020B2D7 /* ThumbnailCaptureOutput.swift in Sources */,
				EF4E4A3C2E22787000F1C677 /* WindowManager.swift in Sources */,
			);
			runOnlyForDeploymentPostprocessing = 0;
		};
/* End PBXSourcesBuildPhase section */

/* Begin PBXTargetDependency section */
		EF96C0A12E238031002C106F /* PBXTargetDependency */ = {
			isa = PBXTargetDependency;
			target = FCB7DDDD2E166FB300ECE580 /* PokerTiles */;
			targetProxy = EF96C0A02E238031002C106F /* PBXContainerItemProxy */;
		};
		EF96C0BB2E238052002C106F /* PBXTargetDependency */ = {
			isa = PBXTargetDependency;
			target = FCB7DDDD2E166FB300ECE580 /* PokerTiles */;
			targetProxy = EF96C0BA2E238052002C106F /* PBXContainerItemProxy */;
		};
/* End PBXTargetDependency section */

/* Begin XCBuildConfiguration section */
		EF96C0A22E238031002C106F /* Debug */ = {
			isa = XCBuildConfiguration;
			buildSettings = {
				BUNDLE_LOADER = "$(TEST_HOST)";
				CODE_SIGN_STYLE = Automatic;
				CURRENT_PROJECT_VERSION = 1;
				DEVELOPMENT_TEAM = PSCV7M7H8D;
				GENERATE_INFOPLIST_FILE = YES;
				MACOSX_DEPLOYMENT_TARGET = 15.5;
				MARKETING_VERSION = 1.0;
				PRODUCT_BUNDLE_IDENTIFIER = watt.PokerTilesTests;
				PRODUCT_NAME = "$(TARGET_NAME)";
				SWIFT_EMIT_LOC_STRINGS = NO;
				SWIFT_VERSION = 5.0;
				TEST_HOST = "$(BUILT_PRODUCTS_DIR)/PokerTiles.app/$(BUNDLE_EXECUTABLE_FOLDER_PATH)/PokerTiles";
			};
			name = Debug;
		};
		EF96C0A32E238031002C106F /* Release */ = {
			isa = XCBuildConfiguration;
			buildSettings = {
				BUNDLE_LOADER = "$(TEST_HOST)";
				CODE_SIGN_STYLE = Automatic;
				CURRENT_PROJECT_VERSION = 1;
				DEVELOPMENT_TEAM = PSCV7M7H8D;
				GENERATE_INFOPLIST_FILE = YES;
				MACOSX_DEPLOYMENT_TARGET = 15.5;
				MARKETING_VERSION = 1.0;
				PRODUCT_BUNDLE_IDENTIFIER = watt.PokerTilesTests;
				PRODUCT_NAME = "$(TARGET_NAME)";
				SWIFT_EMIT_LOC_STRINGS = NO;
				SWIFT_VERSION = 5.0;
				TEST_HOST = "$(BUILT_PRODUCTS_DIR)/PokerTiles.app/$(BUNDLE_EXECUTABLE_FOLDER_PATH)/PokerTiles";
			};
			name = Release;
		};
		EF96C0BD2E238052002C106F /* Debug */ = {
			isa = XCBuildConfiguration;
			buildSettings = {
				CODE_SIGN_STYLE = Automatic;
				CURRENT_PROJECT_VERSION = 1;
				DEVELOPMENT_TEAM = PSCV7M7H8D;
				GENERATE_INFOPLIST_FILE = YES;
				MACOSX_DEPLOYMENT_TARGET = 15.5;
				MARKETING_VERSION = 1.0;
				PRODUCT_BUNDLE_IDENTIFIER = watt.PokerTilesUITests;
				PRODUCT_NAME = "$(TARGET_NAME)";
				SWIFT_EMIT_LOC_STRINGS = NO;
				SWIFT_VERSION = 5.0;
				TEST_TARGET_NAME = PokerTiles;
			};
			name = Debug;
		};
		EF96C0BE2E238052002C106F /* Release */ = {
			isa = XCBuildConfiguration;
			buildSettings = {
				CODE_SIGN_STYLE = Automatic;
				CURRENT_PROJECT_VERSION = 1;
				DEVELOPMENT_TEAM = PSCV7M7H8D;
				GENERATE_INFOPLIST_FILE = YES;
				MACOSX_DEPLOYMENT_TARGET = 15.5;
				MARKETING_VERSION = 1.0;
				PRODUCT_BUNDLE_IDENTIFIER = watt.PokerTilesUITests;
				PRODUCT_NAME = "$(TARGET_NAME)";
				SWIFT_EMIT_LOC_STRINGS = NO;
				SWIFT_VERSION = 5.0;
				TEST_TARGET_NAME = PokerTiles;
			};
			name = Release;
		};
		FCB7DDE72E166FB400ECE580 /* Debug */ = {
			isa = XCBuildConfiguration;
			buildSettings = {
				ALWAYS_SEARCH_USER_PATHS = NO;
				ASSETCATALOG_COMPILER_GENERATE_SWIFT_ASSET_SYMBOL_EXTENSIONS = YES;
				CLANG_ANALYZER_NONNULL = YES;
				CLANG_ANALYZER_NUMBER_OBJECT_CONVERSION = YES_AGGRESSIVE;
				CLANG_CXX_LANGUAGE_STANDARD = "gnu++20";
				CLANG_ENABLE_MODULES = YES;
				CLANG_ENABLE_OBJC_ARC = YES;
				CLANG_ENABLE_OBJC_WEAK = YES;
				CLANG_WARN_BLOCK_CAPTURE_AUTORELEASING = YES;
				CLANG_WARN_BOOL_CONVERSION = YES;
				CLANG_WARN_COMMA = YES;
				CLANG_WARN_CONSTANT_CONVERSION = YES;
				CLANG_WARN_DEPRECATED_OBJC_IMPLEMENTATIONS = YES;
				CLANG_WARN_DIRECT_OBJC_ISA_USAGE = YES_ERROR;
				CLANG_WARN_DOCUMENTATION_COMMENTS = YES;
				CLANG_WARN_EMPTY_BODY = YES;
				CLANG_WARN_ENUM_CONVERSION = YES;
				CLANG_WARN_INFINITE_RECURSION = YES;
				CLANG_WARN_INT_CONVERSION = YES;
				CLANG_WARN_NON_LITERAL_NULL_CONVERSION = YES;
				CLANG_WARN_OBJC_IMPLICIT_RETAIN_SELF = YES;
				CLANG_WARN_OBJC_LITERAL_CONVERSION = YES;
				CLANG_WARN_OBJC_ROOT_CLASS = YES_ERROR;
				CLANG_WARN_QUOTED_INCLUDE_IN_FRAMEWORK_HEADER = YES;
				CLANG_WARN_RANGE_LOOP_ANALYSIS = YES;
				CLANG_WARN_STRICT_PROTOTYPES = YES;
				CLANG_WARN_SUSPICIOUS_MOVE = YES;
				CLANG_WARN_UNGUARDED_AVAILABILITY = YES_AGGRESSIVE;
				CLANG_WARN_UNREACHABLE_CODE = YES;
				CLANG_WARN__DUPLICATE_METHOD_MATCH = YES;
				COPY_PHASE_STRIP = NO;
				DEBUG_INFORMATION_FORMAT = dwarf;
				DEVELOPMENT_TEAM = YGZ634XT8J;
				ENABLE_STRICT_OBJC_MSGSEND = YES;
				ENABLE_TESTABILITY = YES;
				ENABLE_USER_SCRIPT_SANDBOXING = YES;
				GCC_C_LANGUAGE_STANDARD = gnu17;
				GCC_DYNAMIC_NO_PIC = NO;
				GCC_NO_COMMON_BLOCKS = YES;
				GCC_OPTIMIZATION_LEVEL = 0;
				GCC_PREPROCESSOR_DEFINITIONS = (
					"DEBUG=1",
					"$(inherited)",
				);
				GCC_WARN_64_TO_32_BIT_CONVERSION = YES;
				GCC_WARN_ABOUT_RETURN_TYPE = YES_ERROR;
				GCC_WARN_UNDECLARED_SELECTOR = YES;
				GCC_WARN_UNINITIALIZED_AUTOS = YES_AGGRESSIVE;
				GCC_WARN_UNUSED_FUNCTION = YES;
				GCC_WARN_UNUSED_VARIABLE = YES;
				LOCALIZATION_PREFERS_STRING_CATALOGS = YES;
				MACOSX_DEPLOYMENT_TARGET = 26.0;
				MTL_ENABLE_DEBUG_INFO = INCLUDE_SOURCE;
				MTL_FAST_MATH = YES;
				ONLY_ACTIVE_ARCH = YES;
				SDKROOT = macosx;
				SWIFT_ACTIVE_COMPILATION_CONDITIONS = "DEBUG $(inherited)";
				SWIFT_OPTIMIZATION_LEVEL = "-Onone";
			};
			name = Debug;
		};
		FCB7DDE82E166FB400ECE580 /* Release */ = {
			isa = XCBuildConfiguration;
			buildSettings = {
				ALWAYS_SEARCH_USER_PATHS = NO;
				ASSETCATALOG_COMPILER_GENERATE_SWIFT_ASSET_SYMBOL_EXTENSIONS = YES;
				CLANG_ANALYZER_NONNULL = YES;
				CLANG_ANALYZER_NUMBER_OBJECT_CONVERSION = YES_AGGRESSIVE;
				CLANG_CXX_LANGUAGE_STANDARD = "gnu++20";
				CLANG_ENABLE_MODULES = YES;
				CLANG_ENABLE_OBJC_ARC = YES;
				CLANG_ENABLE_OBJC_WEAK = YES;
				CLANG_WARN_BLOCK_CAPTURE_AUTORELEASING = YES;
				CLANG_WARN_BOOL_CONVERSION = YES;
				CLANG_WARN_COMMA = YES;
				CLANG_WARN_CONSTANT_CONVERSION = YES;
				CLANG_WARN_DEPRECATED_OBJC_IMPLEMENTATIONS = YES;
				CLANG_WARN_DIRECT_OBJC_ISA_USAGE = YES_ERROR;
				CLANG_WARN_DOCUMENTATION_COMMENTS = YES;
				CLANG_WARN_EMPTY_BODY = YES;
				CLANG_WARN_ENUM_CONVERSION = YES;
				CLANG_WARN_INFINITE_RECURSION = YES;
				CLANG_WARN_INT_CONVERSION = YES;
				CLANG_WARN_NON_LITERAL_NULL_CONVERSION = YES;
				CLANG_WARN_OBJC_IMPLICIT_RETAIN_SELF = YES;
				CLANG_WARN_OBJC_LITERAL_CONVERSION = YES;
				CLANG_WARN_OBJC_ROOT_CLASS = YES_ERROR;
				CLANG_WARN_QUOTED_INCLUDE_IN_FRAMEWORK_HEADER = YES;
				CLANG_WARN_RANGE_LOOP_ANALYSIS = YES;
				CLANG_WARN_STRICT_PROTOTYPES = YES;
				CLANG_WARN_SUSPICIOUS_MOVE = YES;
				CLANG_WARN_UNGUARDED_AVAILABILITY = YES_AGGRESSIVE;
				CLANG_WARN_UNREACHABLE_CODE = YES;
				CLANG_WARN__DUPLICATE_METHOD_MATCH = YES;
				COPY_PHASE_STRIP = NO;
				DEBUG_INFORMATION_FORMAT = "dwarf-with-dsym";
				DEVELOPMENT_TEAM = YGZ634XT8J;
				ENABLE_NS_ASSERTIONS = NO;
				ENABLE_STRICT_OBJC_MSGSEND = YES;
				ENABLE_USER_SCRIPT_SANDBOXING = YES;
				GCC_C_LANGUAGE_STANDARD = gnu17;
				GCC_NO_COMMON_BLOCKS = YES;
				GCC_WARN_64_TO_32_BIT_CONVERSION = YES;
				GCC_WARN_ABOUT_RETURN_TYPE = YES_ERROR;
				GCC_WARN_UNDECLARED_SELECTOR = YES;
				GCC_WARN_UNINITIALIZED_AUTOS = YES_AGGRESSIVE;
				GCC_WARN_UNUSED_FUNCTION = YES;
				GCC_WARN_UNUSED_VARIABLE = YES;
				LOCALIZATION_PREFERS_STRING_CATALOGS = YES;
				MACOSX_DEPLOYMENT_TARGET = 26.0;
				MTL_ENABLE_DEBUG_INFO = NO;
				MTL_FAST_MATH = YES;
				SDKROOT = macosx;
				SWIFT_COMPILATION_MODE = wholemodule;
			};
			name = Release;
		};
		FCB7DDEA2E166FB400ECE580 /* Debug */ = {
			isa = XCBuildConfiguration;
			buildSettings = {
				ASSETCATALOG_COMPILER_APPICON_NAME = AppIcon;
				ASSETCATALOG_COMPILER_GLOBAL_ACCENT_COLOR_NAME = AccentColor;
				CODE_SIGN_ENTITLEMENTS = PokerTiles/PokerTiles.entitlements;
				CODE_SIGN_STYLE = Automatic;
				COMBINE_HIDPI_IMAGES = YES;
				CURRENT_PROJECT_VERSION = 1;
				DEVELOPMENT_TEAM = PSCV7M7H8D;
				ENABLE_APP_SANDBOX = YES;
				ENABLE_HARDENED_RUNTIME = YES;
				ENABLE_PREVIEWS = YES;
				ENABLE_USER_SELECTED_FILES = readwrite;
				GENERATE_INFOPLIST_FILE = YES;
				INFOPLIST_KEY_CFBundleDisplayName = PokerTiles;
				INFOPLIST_KEY_LSApplicationCategoryType = "public.app-category.productivity";
				INFOPLIST_KEY_NSHumanReadableCopyright = "";
				LD_RUNPATH_SEARCH_PATHS = (
					"$(inherited)",
					"@executable_path/../Frameworks",
				);
				MACOSX_DEPLOYMENT_TARGET = 15.0;
				MARKETING_VERSION = 0.1.0;
				PRODUCT_BUNDLE_IDENTIFIER = com.olsevskas.PokerTiles;
				PRODUCT_NAME = "$(TARGET_NAME)";
				REGISTER_APP_GROUPS = YES;
				STRING_CATALOG_GENERATE_SYMBOLS = YES;
				SWIFT_COMPILATION_MODE = singlefile;
				SWIFT_DEFAULT_ACTOR_ISOLATION = MainActor;
				SWIFT_EMIT_LOC_STRINGS = YES;
				SWIFT_UPCOMING_FEATURE_MEMBER_IMPORT_VISIBILITY = YES;
				SWIFT_VERSION = 5.0;
			};
			name = Debug;
		};
		FCB7DDEB2E166FB400ECE580 /* Release */ = {
			isa = XCBuildConfiguration;
			buildSettings = {
				ASSETCATALOG_COMPILER_APPICON_NAME = AppIcon;
				ASSETCATALOG_COMPILER_GLOBAL_ACCENT_COLOR_NAME = AccentColor;
				CODE_SIGN_ENTITLEMENTS = PokerTiles/PokerTiles.entitlements;
				CODE_SIGN_STYLE = Automatic;
				COMBINE_HIDPI_IMAGES = YES;
				CURRENT_PROJECT_VERSION = 1;
				DEVELOPMENT_TEAM = PSCV7M7H8D;
				ENABLE_APP_SANDBOX = YES;
				ENABLE_HARDENED_RUNTIME = YES;
				ENABLE_PREVIEWS = YES;
				ENABLE_USER_SELECTED_FILES = readwrite;
				GENERATE_INFOPLIST_FILE = YES;
				INFOPLIST_KEY_CFBundleDisplayName = PokerTiles;
				INFOPLIST_KEY_LSApplicationCategoryType = "public.app-category.productivity";
				INFOPLIST_KEY_NSHumanReadableCopyright = "";
				LD_RUNPATH_SEARCH_PATHS = (
					"$(inherited)",
					"@executable_path/../Frameworks",
				);
				MACOSX_DEPLOYMENT_TARGET = 15.0;
				MARKETING_VERSION = 0.1.0;
				PRODUCT_BUNDLE_IDENTIFIER = com.olsevskas.PokerTiles;
				PRODUCT_NAME = "$(TARGET_NAME)";
				REGISTER_APP_GROUPS = YES;
				STRING_CATALOG_GENERATE_SYMBOLS = YES;
				SWIFT_COMPILATION_MODE = wholemodule;
				SWIFT_DEFAULT_ACTOR_ISOLATION = MainActor;
				SWIFT_EMIT_LOC_STRINGS = YES;
				SWIFT_UPCOMING_FEATURE_MEMBER_IMPORT_VISIBILITY = YES;
				SWIFT_VERSION = 5.0;
			};
			name = Release;
		};
/* End XCBuildConfiguration section */

/* Begin XCConfigurationList section */
		EF96C0A42E238031002C106F /* Build configuration list for PBXNativeTarget "PokerTilesTests" */ = {
			isa = XCConfigurationList;
			buildConfigurations = (
				EF96C0A22E238031002C106F /* Debug */,
				EF96C0A32E238031002C106F /* Release */,
			);
			defaultConfigurationIsVisible = 0;
			defaultConfigurationName = Release;
		};
		EF96C0BC2E238052002C106F /* Build configuration list for PBXNativeTarget "PokerTilesUITests" */ = {
			isa = XCConfigurationList;
			buildConfigurations = (
				EF96C0BD2E238052002C106F /* Debug */,
				EF96C0BE2E238052002C106F /* Release */,
			);
			defaultConfigurationIsVisible = 0;
			defaultConfigurationName = Release;
		};
		FCB7DDD92E166FB300ECE580 /* Build configuration list for PBXProject "PokerTiles" */ = {
			isa = XCConfigurationList;
			buildConfigurations = (
				FCB7DDE72E166FB400ECE580 /* Debug */,
				FCB7DDE82E166FB400ECE580 /* Release */,
			);
			defaultConfigurationIsVisible = 0;
			defaultConfigurationName = Release;
		};
		FCB7DDE92E166FB400ECE580 /* Build configuration list for PBXNativeTarget "PokerTiles" */ = {
			isa = XCConfigurationList;
			buildConfigurations = (
				FCB7DDEA2E166FB400ECE580 /* Debug */,
				FCB7DDEB2E166FB400ECE580 /* Release */,
			);
			defaultConfigurationIsVisible = 0;
			defaultConfigurationName = Release;
		};
/* End XCConfigurationList section */
	};
	rootObject = FCB7DDD62E166FB300ECE580 /* Project object */;
}
